
Microsoft Visual Studio Solution File, Format Version 12.00
# Visual Studio Version 17
VisualStudioVersion = 17.5.33516.290
MinimumVisualStudioVersion = 10.0.40219.1
Project("{9A19103F-16F7-4668-BE54-9A1E7A4F7556}") = "User_Microservice", "User_Microservice\User_Microservice.csproj", "{BDCD147B-888B-4B79-BB1E-D265FC6F828B}"
EndProject
Project("{E53339B2-1760-4266-BCC7-CA923CBCF16C}") = "docker-compose", "docker-compose.dcproj", "{3C1FB456-27DB-488E-962C-94CF436ED120}"
EndProject
Global
	GlobalSection(SolutionConfigurationPlatforms) = preSolution
		Debug|Any CPU = Debug|Any CPU
		Release|Any CPU = Release|Any CPU
	EndGlobalSection
	GlobalSection(ProjectConfigurationPlatforms) = postSolution
		{BDCD147B-888B-4B79-BB1E-D265FC6F828B}.Debug|Any CPU.ActiveCfg = Debug|Any CPU
		{BDCD147B-888B-4B79-BB1E-D265FC6F828B}.Debug|Any CPU.Build.0 = Debug|Any CPU
		{BDCD147B-888B-4B79-BB1E-D265FC6F828B}.Release|Any CPU.ActiveCfg = Release|Any CPU
		{BDCD147B-888B-4B79-BB1E-D265FC6F828B}.Release|Any CPU.Build.0 = Release|Any CPU
		{3C1FB456-27DB-488E-962C-94CF436ED120}.Debug|Any CPU.ActiveCfg = Debug|Any CPU
		{3C1FB456-27DB-488E-962C-94CF436ED120}.Debug|Any CPU.Build.0 = Debug|Any CPU
		{3C1FB456-27DB-488E-962C-94CF436ED120}.Release|Any CPU.ActiveCfg = Release|Any CPU
		{3C1FB456-27DB-488E-962C-94CF436ED120}.Release|Any CPU.Build.0 = Release|Any CPU
	EndGlobalSection
	GlobalSection(SolutionProperties) = preSolution
		HideSolutionNode = FALSE
	EndGlobalSection
	GlobalSection(ExtensibilityGlobals) = postSolution
		SolutionGuid = {72F4748C-E2B4-4A56-A81F-4ADD00E19943}
	EndGlobalSection
EndGlobal
